
Microsoft Visual Studio Solution File, Format Version 12.00
# Visual Studio Version 17
VisualStudioVersion = 17.7.34221.43
MinimumVisualStudioVersion = 10.0.40219.1
Project("{FAE04EC0-301F-11D3-BF4B-00C04F79EFBC}") = "SteamForms", "SteamForms\SteamForms.csproj", "{1E2C670C-3308-42B4-B824-7A89CA8E0F28}"
EndProject
Global
	GlobalSection(SolutionConfigurationPlatforms) = preSolution
		Debug|Any CPU = Debug|Any CPU
		Release|Any CPU = Release|Any CPU
	EndGlobalSection
	GlobalSection(ProjectConfigurationPlatforms) = postSolution
		{1E2C670C-3308-42B4-B824-7A89CA8E0F28}.Debug|Any CPU.ActiveCfg = Debug|Any CPU
		{1E2C670C-3308-42B4-B824-7A89CA8E0F28}.Debug|Any CPU.Build.0 = Debug|Any CPU
		{1E2C670C-3308-42B4-B824-7A89CA8E0F28}.Release|Any CPU.ActiveCfg = Release|Any CPU
		{1E2C670C-3308-42B4-B824-7A89CA8E0F28}.Release|Any CPU.Build.0 = Release|Any CPU
	EndGlobalSection
	GlobalSection(SolutionProperties) = preSolution
		HideSolutionNode = FALSE
	EndGlobalSection
	GlobalSection(ExtensibilityGlobals) = postSolution
		SolutionGuid = {FA585795-5031-437B-AAF2-40E4EB93C9AA}
	EndGlobalSection
EndGlobal
